
Microsoft Visual Studio Solution File, Format Version 12.00
# Visual Studio Version 16
VisualStudioVersion = 16.0.30320.27
MinimumVisualStudioVersion = 10.0.40219.1
Project("{FAE04EC0-301F-11D3-BF4B-00C04F79EFBC}") = "TweetStreamAPI", "TweetStreamAPI\TweetStreamAPI.csproj", "{4F3896B2-1884-474D-B746-F442D524796B}"
EndProject
Project("{FAE04EC0-301F-11D3-BF4B-00C04F79EFBC}") = "TweetStream.Infrastructure", "TweetStream.Infrastructure\TweetStream.Infrastructure.csproj", "{C0EB1271-FB51-4802-89CC-B5368B602662}"
EndProject
Global
	GlobalSection(SolutionConfigurationPlatforms) = preSolution
		Debug|Any CPU = Debug|Any CPU
		Release|Any CPU = Release|Any CPU
	EndGlobalSection
	GlobalSection(ProjectConfigurationPlatforms) = postSolution
		{4F3896B2-1884-474D-B746-F442D524796B}.Debug|Any CPU.ActiveCfg = Debug|Any CPU
		{4F3896B2-1884-474D-B746-F442D524796B}.Debug|Any CPU.Build.0 = Debug|Any CPU
		{4F3896B2-1884-474D-B746-F442D524796B}.Release|Any CPU.ActiveCfg = Release|Any CPU
		{4F3896B2-1884-474D-B746-F442D524796B}.Release|Any CPU.Build.0 = Release|Any CPU
		{C0EB1271-FB51-4802-89CC-B5368B602662}.Debug|Any CPU.ActiveCfg = Debug|Any CPU
		{C0EB1271-FB51-4802-89CC-B5368B602662}.Debug|Any CPU.Build.0 = Debug|Any CPU
		{C0EB1271-FB51-4802-89CC-B5368B602662}.Release|Any CPU.ActiveCfg = Release|Any CPU
		{C0EB1271-FB51-4802-89CC-B5368B602662}.Release|Any CPU.Build.0 = Release|Any CPU
	EndGlobalSection
	GlobalSection(SolutionProperties) = preSolution
		HideSolutionNode = FALSE
	EndGlobalSection
	GlobalSection(ExtensibilityGlobals) = postSolution
		SolutionGuid = {451E6805-5D7F-4087-B0B1-8728449F86A5}
	EndGlobalSection
EndGlobal
